
Microsoft Visual Studio Solution File, Format Version 12.00
# Visual Studio Version 16
VisualStudioVersion = 16.0.32126.315
MinimumVisualStudioVersion = 10.0.40219.1
Project("{8BC9CEB8-8B4A-11D0-8D11-00A0C91BC942}") = "String_c++", "String_c++\String_c++.vcxproj", "{6AFD3BE1-6EA7-41E0-B027-04DE833BED33}"
EndProject
Global
	GlobalSection(SolutionConfigurationPlatforms) = preSolution
		Debug|x64 = Debug|x64
		Debug|x86 = Debug|x86
		Release|x64 = Release|x64
		Release|x86 = Release|x86
	EndGlobalSection
	GlobalSection(ProjectConfigurationPlatforms) = postSolution
		{6AFD3BE1-6EA7-41E0-B027-04DE833BED33}.Debug|x64.ActiveCfg = Debug|x64
		{6AFD3BE1-6EA7-41E0-B027-04DE833BED33}.Debug|x64.Build.0 = Debug|x64
		{6AFD3BE1-6EA7-41E0-B027-04DE833BED33}.Debug|x86.ActiveCfg = Debug|Win32
		{6AFD3BE1-6EA7-41E0-B027-04DE833BED33}.Debug|x86.Build.0 = Debug|Win32
		{6AFD3BE1-6EA7-41E0-B027-04DE833BED33}.Release|x64.ActiveCfg = Release|x64
		{6AFD3BE1-6EA7-41E0-B027-04DE833BED33}.Release|x64.Build.0 = Release|x64
		{6AFD3BE1-6EA7-41E0-B027-04DE833BED33}.Release|x86.ActiveCfg = Release|Win32
		{6AFD3BE1-6EA7-41E0-B027-04DE833BED33}.Release|x86.Build.0 = Release|Win32
	EndGlobalSection
	GlobalSection(SolutionProperties) = preSolution
		HideSolutionNode = FALSE
	EndGlobalSection
	GlobalSection(ExtensibilityGlobals) = postSolution
		SolutionGuid = {3984C514-F8D1-482A-8D5D-20D3437E7C4E}
	EndGlobalSection
EndGlobal
